{
  "name": "@alchmy/mnd",
  "version": "0.0.12",
  "lockfileVersion": 1,
  "requires": true,
  "dependencies": {
    "sass-npm": {
      "version": "1.0.2",
      "resolved": "https://registry.npmjs.org/sass-npm/-/sass-npm-1.0.2.tgz",
      "integrity": "sha1-DyFDqf0yxfwnyVuUQs+hlW8/q24="
    },
    "sass-web-fonts": {
      "version": "2.1.0",
      "resolved": "https://registry.npmjs.org/sass-web-fonts/-/sass-web-fonts-2.1.0.tgz",
      "integrity": "sha512-0+dm+dv/NhXE36CnuEe0aS28AxRrMrheAdzEngeJW+TN1LuoDQyNjTTKSEiIBNZZ4kBASzMn/HVw4RVQDQOHlA=="
    }
  }
}
